<?xml version="1.0" encoding="utf-8"?>
<Project ToolsVersion="4.0" xmlns="http://schemas.microsoft.com/developer/msbuild/2003">
  <ItemGroup>
    <Filter Include="Source Files">
      <UniqueIdentifier>{4FC737F1-C7A5-4376-A066-2A32D752A2FF}</UniqueIdentifier>
      <Extensions>cpp;c;cc;cxx;def;odl;idl;hpj;bat;asm;asmx</Extensions>
    </Filter>
    <Filter Include="Header Files">
      <UniqueIdentifier>{93995380-89BD-4b04-88EB-625FBE52EBFB}</UniqueIdentifier>
      <Extensions>h;hpp;hxx;hm;inl;inc;xsd</Extensions>
    </Filter>
    <Filter Include="Resource Files">
      <UniqueIdentifier>{67DA6AB6-F800-4c08-8B7A-83BB121AAD01}</UniqueIdentifier>
      <Extensions>rc;ico;cur;bmp;dlg;rc2;rct;bin;rgs;gif;jpg;jpeg;jpe;resx</Extensions>
    </Filter>
  </ItemGroup>
  <ItemGroup>
    <ClCompile Include="_Zen_Soft_Forth.cpp">
      <Filter>Source Files</Filter>
    </ClCompile>
    <ClCompile Include="_Zen_Soft_ForthDlg.cpp">
      <Filter>Source Files</Filter>
    </ClCompile>
    <ClCompile Include="..\codeelement.cpp">
      <Filter>Source Files</Filter>
    </ClCompile>
    <ClCompile Include="forthinformation.cpp">
      <Filter>Source Files</Filter>
    </ClCompile>
    <ClCompile Include="ParserInput.cpp">
      <Filter>Source Files</Filter>
    </ClCompile>
    <ClCompile Include="stdafx.cpp">
      <Filter>Source Files</Filter>
    </ClCompile>
    <ClCompile Include="tracewindow.cpp">
      <Filter>Source Files</Filter>
    </ClCompile>
  </ItemGroup>
  <ItemGroup>
    <ClInclude Include="_Zen_Soft_Forth.h">
      <Filter>Header Files</Filter>
    </ClInclude>
    <ClInclude Include="_Zen_Soft_ForthDlg.h">
      <Filter>Header Files</Filter>
    </ClInclude>
    <ClInclude Include="..\codeelement.h">
      <Filter>Header Files</Filter>
    </ClInclude>
    <ClInclude Include="forthinformation.h">
      <Filter>Header Files</Filter>
    </ClInclude>
    <ClInclude Include="ParserInput.h">
      <Filter>Header Files</Filter>
    </ClInclude>
    <ClInclude Include="Resource.h">
      <Filter>Header Files</Filter>
    </ClInclude>
    <ClInclude Include="stdafx.h">
      <Filter>Header Files</Filter>
    </ClInclude>
    <ClInclude Include="tracewindow.h">
      <Filter>Header Files</Filter>
    </ClInclude>
  </ItemGroup>
  <ItemGroup>
    <Image Include="res\_Zen_Soft_Forth.ico">
      <Filter>Resource Files</Filter>
    </Image>
    <Image Include="..\HTML_DOCS\bitmap2.bmp">
      <Filter>Resource Files</Filter>
    </Image>
    <Image Include="..\HTML_DOCS\bmp00001.bmp">
      <Filter>Resource Files</Filter>
    </Image>
    <Image Include="..\HTML_DOCS\classd.bmp">
      <Filter>Resource Files</Filter>
    </Image>
    <Image Include="..\HTML_DOCS\classd.jpg">
      <Filter>Resource Files</Filter>
    </Image>
  </ItemGroup>
  <ItemGroup>
    <ResourceCompile Include="_Zen_Soft_Forth.rc">
      <Filter>Resource Files</Filter>
    </ResourceCompile>
  </ItemGroup>
  <ItemGroup>
    <None Include="res\_Zen_Soft_Forth.rc2">
      <Filter>Resource Files</Filter>
    </None>
    <None Include="..\HTML_DOCS\forth.htm" />
    <None Include="forthinformation.htm" />
  </ItemGroup>
  <ItemGroup>
    <Text Include="ReadMe.txt" />
  </ItemGroup>
</Project>