
Microsoft Visual Studio Solution File, Format Version 12.00
# Visual Studio 15
VisualStudioVersion = 15.0.26014.0
MinimumVisualStudioVersion = 10.0.40219.1
Project("{8BC9CEB8-8B4A-11D0-8D11-00A0C91BC942}") = "Interpreter", "Interpreter.vcxproj", "{7FA971B7-15DC-47A2-95A1-A4F87BC2A993}"
EndProject
Project("{8BC9CEB8-8B4A-11D0-8D11-00A0C91BC942}") = "console_forth", "console_forth\console_forth.vcxproj", "{1DB03A9C-BC8E-493E-9F15-F7C8A02870F2}"
EndProject
Project("{8BC9CEB8-8B4A-11D0-8D11-00A0C91BC942}") = "_Zen_Soft_Forth", "_Zen_Soft_Forth\_Zen_Soft_Forth.vcxproj", "{2B00CA3E-58FD-47E6-8A0E-243080D576CE}"
EndProject
Project("{FAE04EC0-301F-11D3-BF4B-00C04F79EFBC}") = "WpfForth", "WpfForth\WpfForth.csproj", "{9C081D40-6D3E-48DF-A07B-DBCFDDA74FF0}"
EndProject
Project("{8BC9CEB8-8B4A-11D0-8D11-00A0C91BC942}") = "InterpteterDll", "InterpteterDll\InterpteterDll.vcxproj", "{AAA9441A-141B-449D-BEEA-D97D43D3356B}"
EndProject
Global
	GlobalSection(SolutionConfigurationPlatforms) = preSolution
		Debug|.NET = Debug|.NET
		Debug|Any CPU = Debug|Any CPU
		Debug|ARM = Debug|ARM
		Debug|Mixed Platforms = Debug|Mixed Platforms
		Debug|Win32 = Debug|Win32
		Debug|x64 = Debug|x64
		Debug|x86 = Debug|x86
		Release MinDependency|.NET = Release MinDependency|.NET
		Release MinDependency|Any CPU = Release MinDependency|Any CPU
		Release MinDependency|ARM = Release MinDependency|ARM
		Release MinDependency|Mixed Platforms = Release MinDependency|Mixed Platforms
		Release MinDependency|Win32 = Release MinDependency|Win32
		Release MinDependency|x64 = Release MinDependency|x64
		Release MinDependency|x86 = Release MinDependency|x86
		Release MinSize|.NET = Release MinSize|.NET
		Release MinSize|Any CPU = Release MinSize|Any CPU
		Release MinSize|ARM = Release MinSize|ARM
		Release MinSize|Mixed Platforms = Release MinSize|Mixed Platforms
		Release MinSize|Win32 = Release MinSize|Win32
		Release MinSize|x64 = Release MinSize|x64
		Release MinSize|x86 = Release MinSize|x86
		Release|.NET = Release|.NET
		Release|Any CPU = Release|Any CPU
		Release|ARM = Release|ARM
		Release|Mixed Platforms = Release|Mixed Platforms
		Release|Win32 = Release|Win32
		Release|x64 = Release|x64
		Release|x86 = Release|x86
		Unicode Debug|.NET = Unicode Debug|.NET
		Unicode Debug|Any CPU = Unicode Debug|Any CPU
		Unicode Debug|ARM = Unicode Debug|ARM
		Unicode Debug|Mixed Platforms = Unicode Debug|Mixed Platforms
		Unicode Debug|Win32 = Unicode Debug|Win32
		Unicode Debug|x64 = Unicode Debug|x64
		Unicode Debug|x86 = Unicode Debug|x86
		Unicode Release MinDependency|.NET = Unicode Release MinDependency|.NET
		Unicode Release MinDependency|Any CPU = Unicode Release MinDependency|Any CPU
		Unicode Release MinDependency|ARM = Unicode Release MinDependency|ARM
		Unicode Release MinDependency|Mixed Platforms = Unicode Release MinDependency|Mixed Platforms
		Unicode Release MinDependency|Win32 = Unicode Release MinDependency|Win32
		Unicode Release MinDependency|x64 = Unicode Release MinDependency|x64
		Unicode Release MinDependency|x86 = Unicode Release MinDependency|x86
		Unicode Release MinSize|.NET = Unicode Release MinSize|.NET
		Unicode Release MinSize|Any CPU = Unicode Release MinSize|Any CPU
		Unicode Release MinSize|ARM = Unicode Release MinSize|ARM
		Unicode Release MinSize|Mixed Platforms = Unicode Release MinSize|Mixed Platforms
		Unicode Release MinSize|Win32 = Unicode Release MinSize|Win32
		Unicode Release MinSize|x64 = Unicode Release MinSize|x64
		Unicode Release MinSize|x86 = Unicode Release MinSize|x86
	EndGlobalSection
	GlobalSection(ProjectConfigurationPlatforms) = postSolution
		{7FA971B7-15DC-47A2-95A1-A4F87BC2A993}.Debug|.NET.ActiveCfg = Debug|Win32
		{7FA971B7-15DC-47A2-95A1-A4F87BC2A993}.Debug|Any CPU.ActiveCfg = Debug|Win32
		{7FA971B7-15DC-47A2-95A1-A4F87BC2A993}.Debug|ARM.ActiveCfg = Debug|Win32
		{7FA971B7-15DC-47A2-95A1-A4F87BC2A993}.Debug|Mixed Platforms.ActiveCfg = Debug|Win32
		{7FA971B7-15DC-47A2-95A1-A4F87BC2A993}.Debug|Mixed Platforms.Build.0 = Debug|Win32
		{7FA971B7-15DC-47A2-95A1-A4F87BC2A993}.Debug|Win32.ActiveCfg = Debug|Win32
		{7FA971B7-15DC-47A2-95A1-A4F87BC2A993}.Debug|Win32.Build.0 = Debug|Win32
		{7FA971B7-15DC-47A2-95A1-A4F87BC2A993}.Debug|x64.ActiveCfg = Release|Win32
		{7FA971B7-15DC-47A2-95A1-A4F87BC2A993}.Debug|x86.ActiveCfg = Debug|Win32
		{7FA971B7-15DC-47A2-95A1-A4F87BC2A993}.Debug|x86.Build.0 = Debug|Win32
		{7FA971B7-15DC-47A2-95A1-A4F87BC2A993}.Release MinDependency|.NET.ActiveCfg = Release|Win32
		{7FA971B7-15DC-47A2-95A1-A4F87BC2A993}.Release MinDependency|Any CPU.ActiveCfg = Release|Win32
		{7FA971B7-15DC-47A2-95A1-A4F87BC2A993}.Release MinDependency|ARM.ActiveCfg = Release|Win32
		{7FA971B7-15DC-47A2-95A1-A4F87BC2A993}.Release MinDependency|Mixed Platforms.ActiveCfg = Release|Win32
		{7FA971B7-15DC-47A2-95A1-A4F87BC2A993}.Release MinDependency|Mixed Platforms.Build.0 = Release|Win32
		{7FA971B7-15DC-47A2-95A1-A4F87BC2A993}.Release MinDependency|Win32.ActiveCfg = Release|Win32
		{7FA971B7-15DC-47A2-95A1-A4F87BC2A993}.Release MinDependency|Win32.Build.0 = Release|Win32
		{7FA971B7-15DC-47A2-95A1-A4F87BC2A993}.Release MinDependency|x64.ActiveCfg = Release|Win32
		{7FA971B7-15DC-47A2-95A1-A4F87BC2A993}.Release MinDependency|x86.ActiveCfg = Release|Win32
		{7FA971B7-15DC-47A2-95A1-A4F87BC2A993}.Release MinDependency|x86.Build.0 = Release|Win32
		{7FA971B7-15DC-47A2-95A1-A4F87BC2A993}.Release MinSize|.NET.ActiveCfg = Release|Win32
		{7FA971B7-15DC-47A2-95A1-A4F87BC2A993}.Release MinSize|Any CPU.ActiveCfg = Release|Win32
		{7FA971B7-15DC-47A2-95A1-A4F87BC2A993}.Release MinSize|ARM.ActiveCfg = Release|Win32
		{7FA971B7-15DC-47A2-95A1-A4F87BC2A993}.Release MinSize|Mixed Platforms.ActiveCfg = Release|Win32
		{7FA971B7-15DC-47A2-95A1-A4F87BC2A993}.Release MinSize|Mixed Platforms.Build.0 = Release|Win32
		{7FA971B7-15DC-47A2-95A1-A4F87BC2A993}.Release MinSize|Win32.ActiveCfg = Release|Win32
		{7FA971B7-15DC-47A2-95A1-A4F87BC2A993}.Release MinSize|Win32.Build.0 = Release|Win32
		{7FA971B7-15DC-47A2-95A1-A4F87BC2A993}.Release MinSize|x64.ActiveCfg = Release|Win32
		{7FA971B7-15DC-47A2-95A1-A4F87BC2A993}.Release MinSize|x86.ActiveCfg = Release|Win32
		{7FA971B7-15DC-47A2-95A1-A4F87BC2A993}.Release MinSize|x86.Build.0 = Release|Win32
		{7FA971B7-15DC-47A2-95A1-A4F87BC2A993}.Release|.NET.ActiveCfg = Release|Win32
		{7FA971B7-15DC-47A2-95A1-A4F87BC2A993}.Release|Any CPU.ActiveCfg = Release|Win32
		{7FA971B7-15DC-47A2-95A1-A4F87BC2A993}.Release|ARM.ActiveCfg = Release|Win32
		{7FA971B7-15DC-47A2-95A1-A4F87BC2A993}.Release|Mixed Platforms.ActiveCfg = Release|Win32
		{7FA971B7-15DC-47A2-95A1-A4F87BC2A993}.Release|Mixed Platforms.Build.0 = Release|Win32
		{7FA971B7-15DC-47A2-95A1-A4F87BC2A993}.Release|Win32.ActiveCfg = Release|Win32
		{7FA971B7-15DC-47A2-95A1-A4F87BC2A993}.Release|Win32.Build.0 = Release|Win32
		{7FA971B7-15DC-47A2-95A1-A4F87BC2A993}.Release|x64.ActiveCfg = Release|Win32
		{7FA971B7-15DC-47A2-95A1-A4F87BC2A993}.Release|x86.ActiveCfg = Release|Win32
		{7FA971B7-15DC-47A2-95A1-A4F87BC2A993}.Release|x86.Build.0 = Release|Win32
		{7FA971B7-15DC-47A2-95A1-A4F87BC2A993}.Unicode Debug|.NET.ActiveCfg = Debug|Win32
		{7FA971B7-15DC-47A2-95A1-A4F87BC2A993}.Unicode Debug|Any CPU.ActiveCfg = Debug|Win32
		{7FA971B7-15DC-47A2-95A1-A4F87BC2A993}.Unicode Debug|ARM.ActiveCfg = Debug|Win32
		{7FA971B7-15DC-47A2-95A1-A4F87BC2A993}.Unicode Debug|Mixed Platforms.ActiveCfg = Debug|Win32
		{7FA971B7-15DC-47A2-95A1-A4F87BC2A993}.Unicode Debug|Mixed Platforms.Build.0 = Debug|Win32
		{7FA971B7-15DC-47A2-95A1-A4F87BC2A993}.Unicode Debug|Win32.ActiveCfg = Debug|Win32
		{7FA971B7-15DC-47A2-95A1-A4F87BC2A993}.Unicode Debug|Win32.Build.0 = Debug|Win32
		{7FA971B7-15DC-47A2-95A1-A4F87BC2A993}.Unicode Debug|x64.ActiveCfg = Release|Win32
		{7FA971B7-15DC-47A2-95A1-A4F87BC2A993}.Unicode Debug|x86.ActiveCfg = Debug|Win32
		{7FA971B7-15DC-47A2-95A1-A4F87BC2A993}.Unicode Debug|x86.Build.0 = Debug|Win32
		{7FA971B7-15DC-47A2-95A1-A4F87BC2A993}.Unicode Release MinDependency|.NET.ActiveCfg = Release|Win32
		{7FA971B7-15DC-47A2-95A1-A4F87BC2A993}.Unicode Release MinDependency|Any CPU.ActiveCfg = Release|Win32
		{7FA971B7-15DC-47A2-95A1-A4F87BC2A993}.Unicode Release MinDependency|ARM.ActiveCfg = Release|Win32
		{7FA971B7-15DC-47A2-95A1-A4F87BC2A993}.Unicode Release MinDependency|Mixed Platforms.ActiveCfg = Release|Win32
		{7FA971B7-15DC-47A2-95A1-A4F87BC2A993}.Unicode Release MinDependency|Mixed Platforms.Build.0 = Release|Win32
		{7FA971B7-15DC-47A2-95A1-A4F87BC2A993}.Unicode Release MinDependency|Win32.ActiveCfg = Release|Win32
		{7FA971B7-15DC-47A2-95A1-A4F87BC2A993}.Unicode Release MinDependency|Win32.Build.0 = Release|Win32
		{7FA971B7-15DC-47A2-95A1-A4F87BC2A993}.Unicode Release MinDependency|x64.ActiveCfg = Release|Win32
		{7FA971B7-15DC-47A2-95A1-A4F87BC2A993}.Unicode Release MinDependency|x86.ActiveCfg = Release|Win32
		{7FA971B7-15DC-47A2-95A1-A4F87BC2A993}.Unicode Release MinDependency|x86.Build.0 = Release|Win32
		{7FA971B7-15DC-47A2-95A1-A4F87BC2A993}.Unicode Release MinSize|.NET.ActiveCfg = Release|Win32
		{7FA971B7-15DC-47A2-95A1-A4F87BC2A993}.Unicode Release MinSize|Any CPU.ActiveCfg = Release|Win32
		{7FA971B7-15DC-47A2-95A1-A4F87BC2A993}.Unicode Release MinSize|ARM.ActiveCfg = Release|Win32
		{7FA971B7-15DC-47A2-95A1-A4F87BC2A993}.Unicode Release MinSize|Mixed Platforms.ActiveCfg = Release|Win32
		{7FA971B7-15DC-47A2-95A1-A4F87BC2A993}.Unicode Release MinSize|Mixed Platforms.Build.0 = Release|Win32
		{7FA971B7-15DC-47A2-95A1-A4F87BC2A993}.Unicode Release MinSize|Win32.ActiveCfg = Release|Win32
		{7FA971B7-15DC-47A2-95A1-A4F87BC2A993}.Unicode Release MinSize|Win32.Build.0 = Release|Win32
		{7FA971B7-15DC-47A2-95A1-A4F87BC2A993}.Unicode Release MinSize|x64.ActiveCfg = Release|Win32
		{7FA971B7-15DC-47A2-95A1-A4F87BC2A993}.Unicode Release MinSize|x86.ActiveCfg = Release|Win32
		{7FA971B7-15DC-47A2-95A1-A4F87BC2A993}.Unicode Release MinSize|x86.Build.0 = Release|Win32
		{1DB03A9C-BC8E-493E-9F15-F7C8A02870F2}.Debug|.NET.ActiveCfg = Debug|x64
		{1DB03A9C-BC8E-493E-9F15-F7C8A02870F2}.Debug|Any CPU.ActiveCfg = Debug|x64
		{1DB03A9C-BC8E-493E-9F15-F7C8A02870F2}.Debug|ARM.ActiveCfg = Debug|Win32
		{1DB03A9C-BC8E-493E-9F15-F7C8A02870F2}.Debug|Mixed Platforms.ActiveCfg = Debug|Win32
		{1DB03A9C-BC8E-493E-9F15-F7C8A02870F2}.Debug|Mixed Platforms.Build.0 = Debug|Win32
		{1DB03A9C-BC8E-493E-9F15-F7C8A02870F2}.Debug|Win32.ActiveCfg = Debug|Win32
		{1DB03A9C-BC8E-493E-9F15-F7C8A02870F2}.Debug|Win32.Build.0 = Debug|Win32
		{1DB03A9C-BC8E-493E-9F15-F7C8A02870F2}.Debug|x64.ActiveCfg = Release|x64
		{1DB03A9C-BC8E-493E-9F15-F7C8A02870F2}.Debug|x86.ActiveCfg = Debug|Win32
		{1DB03A9C-BC8E-493E-9F15-F7C8A02870F2}.Debug|x86.Build.0 = Debug|Win32
		{1DB03A9C-BC8E-493E-9F15-F7C8A02870F2}.Release MinDependency|.NET.ActiveCfg = Release|x64
		{1DB03A9C-BC8E-493E-9F15-F7C8A02870F2}.Release MinDependency|Any CPU.ActiveCfg = Release|x64
		{1DB03A9C-BC8E-493E-9F15-F7C8A02870F2}.Release MinDependency|ARM.ActiveCfg = Release|Win32
		{1DB03A9C-BC8E-493E-9F15-F7C8A02870F2}.Release MinDependency|Mixed Platforms.ActiveCfg = Release|x64
		{1DB03A9C-BC8E-493E-9F15-F7C8A02870F2}.Release MinDependency|Mixed Platforms.Build.0 = Release|x64
		{1DB03A9C-BC8E-493E-9F15-F7C8A02870F2}.Release MinDependency|Win32.ActiveCfg = Release|Win32
		{1DB03A9C-BC8E-493E-9F15-F7C8A02870F2}.Release MinDependency|Win32.Build.0 = Release|Win32
		{1DB03A9C-BC8E-493E-9F15-F7C8A02870F2}.Release MinDependency|x64.ActiveCfg = Release|x64
		{1DB03A9C-BC8E-493E-9F15-F7C8A02870F2}.Release MinDependency|x64.Build.0 = Release|x64
		{1DB03A9C-BC8E-493E-9F15-F7C8A02870F2}.Release MinDependency|x86.ActiveCfg = Release|Win32
		{1DB03A9C-BC8E-493E-9F15-F7C8A02870F2}.Release MinDependency|x86.Build.0 = Release|Win32
		{1DB03A9C-BC8E-493E-9F15-F7C8A02870F2}.Release MinSize|.NET.ActiveCfg = Release|x64
		{1DB03A9C-BC8E-493E-9F15-F7C8A02870F2}.Release MinSize|Any CPU.ActiveCfg = Release|x64
		{1DB03A9C-BC8E-493E-9F15-F7C8A02870F2}.Release MinSize|ARM.ActiveCfg = Release|Win32
		{1DB03A9C-BC8E-493E-9F15-F7C8A02870F2}.Release MinSize|Mixed Platforms.ActiveCfg = Release|x64
		{1DB03A9C-BC8E-493E-9F15-F7C8A02870F2}.Release MinSize|Mixed Platforms.Build.0 = Release|x64
		{1DB03A9C-BC8E-493E-9F15-F7C8A02870F2}.Release MinSize|Win32.ActiveCfg = Release|Win32
		{1DB03A9C-BC8E-493E-9F15-F7C8A02870F2}.Release MinSize|Win32.Build.0 = Release|Win32
		{1DB03A9C-BC8E-493E-9F15-F7C8A02870F2}.Release MinSize|x64.ActiveCfg = Release|x64
		{1DB03A9C-BC8E-493E-9F15-F7C8A02870F2}.Release MinSize|x64.Build.0 = Release|x64
		{1DB03A9C-BC8E-493E-9F15-F7C8A02870F2}.Release MinSize|x86.ActiveCfg = Release|Win32
		{1DB03A9C-BC8E-493E-9F15-F7C8A02870F2}.Release MinSize|x86.Build.0 = Release|Win32
		{1DB03A9C-BC8E-493E-9F15-F7C8A02870F2}.Release|.NET.ActiveCfg = Release|x64
		{1DB03A9C-BC8E-493E-9F15-F7C8A02870F2}.Release|Any CPU.ActiveCfg = Release|x64
		{1DB03A9C-BC8E-493E-9F15-F7C8A02870F2}.Release|ARM.ActiveCfg = Release|Win32
		{1DB03A9C-BC8E-493E-9F15-F7C8A02870F2}.Release|Mixed Platforms.ActiveCfg = Release|x64
		{1DB03A9C-BC8E-493E-9F15-F7C8A02870F2}.Release|Mixed Platforms.Build.0 = Release|x64
		{1DB03A9C-BC8E-493E-9F15-F7C8A02870F2}.Release|Win32.ActiveCfg = Release|Win32
		{1DB03A9C-BC8E-493E-9F15-F7C8A02870F2}.Release|Win32.Build.0 = Release|Win32
		{1DB03A9C-BC8E-493E-9F15-F7C8A02870F2}.Release|x64.ActiveCfg = Release|x64
		{1DB03A9C-BC8E-493E-9F15-F7C8A02870F2}.Release|x64.Build.0 = Release|x64
		{1DB03A9C-BC8E-493E-9F15-F7C8A02870F2}.Release|x86.ActiveCfg = Release|Win32
		{1DB03A9C-BC8E-493E-9F15-F7C8A02870F2}.Release|x86.Build.0 = Release|Win32
		{1DB03A9C-BC8E-493E-9F15-F7C8A02870F2}.Unicode Debug|.NET.ActiveCfg = Debug|x64
		{1DB03A9C-BC8E-493E-9F15-F7C8A02870F2}.Unicode Debug|Any CPU.ActiveCfg = Debug|x64
		{1DB03A9C-BC8E-493E-9F15-F7C8A02870F2}.Unicode Debug|ARM.ActiveCfg = Debug|Win32
		{1DB03A9C-BC8E-493E-9F15-F7C8A02870F2}.Unicode Debug|Mixed Platforms.ActiveCfg = Debug|x64
		{1DB03A9C-BC8E-493E-9F15-F7C8A02870F2}.Unicode Debug|Mixed Platforms.Build.0 = Debug|x64
		{1DB03A9C-BC8E-493E-9F15-F7C8A02870F2}.Unicode Debug|Win32.ActiveCfg = Debug|Win32
		{1DB03A9C-BC8E-493E-9F15-F7C8A02870F2}.Unicode Debug|Win32.Build.0 = Debug|Win32
		{1DB03A9C-BC8E-493E-9F15-F7C8A02870F2}.Unicode Debug|x64.ActiveCfg = Release|x64
		{1DB03A9C-BC8E-493E-9F15-F7C8A02870F2}.Unicode Debug|x64.Build.0 = Debug|x64
		{1DB03A9C-BC8E-493E-9F15-F7C8A02870F2}.Unicode Debug|x86.ActiveCfg = Debug|Win32
		{1DB03A9C-BC8E-493E-9F15-F7C8A02870F2}.Unicode Debug|x86.Build.0 = Debug|Win32
		{1DB03A9C-BC8E-493E-9F15-F7C8A02870F2}.Unicode Release MinDependency|.NET.ActiveCfg = Release|x64
		{1DB03A9C-BC8E-493E-9F15-F7C8A02870F2}.Unicode Release MinDependency|Any CPU.ActiveCfg = Release|x64
		{1DB03A9C-BC8E-493E-9F15-F7C8A02870F2}.Unicode Release MinDependency|ARM.ActiveCfg = Release|Win32
		{1DB03A9C-BC8E-493E-9F15-F7C8A02870F2}.Unicode Release MinDependency|Mixed Platforms.ActiveCfg = Release|x64
		{1DB03A9C-BC8E-493E-9F15-F7C8A02870F2}.Unicode Release MinDependency|Mixed Platforms.Build.0 = Release|x64
		{1DB03A9C-BC8E-493E-9F15-F7C8A02870F2}.Unicode Release MinDependency|Win32.ActiveCfg = Release|Win32
		{1DB03A9C-BC8E-493E-9F15-F7C8A02870F2}.Unicode Release MinDependency|Win32.Build.0 = Release|Win32
		{1DB03A9C-BC8E-493E-9F15-F7C8A02870F2}.Unicode Release MinDependency|x64.ActiveCfg = Release|x64
		{1DB03A9C-BC8E-493E-9F15-F7C8A02870F2}.Unicode Release MinDependency|x64.Build.0 = Release|x64
		{1DB03A9C-BC8E-493E-9F15-F7C8A02870F2}.Unicode Release MinDependency|x86.ActiveCfg = Release|Win32
		{1DB03A9C-BC8E-493E-9F15-F7C8A02870F2}.Unicode Release MinDependency|x86.Build.0 = Release|Win32
		{1DB03A9C-BC8E-493E-9F15-F7C8A02870F2}.Unicode Release MinSize|.NET.ActiveCfg = Release|x64
		{1DB03A9C-BC8E-493E-9F15-F7C8A02870F2}.Unicode Release MinSize|Any CPU.ActiveCfg = Release|x64
		{1DB03A9C-BC8E-493E-9F15-F7C8A02870F2}.Unicode Release MinSize|ARM.ActiveCfg = Release|Win32
		{1DB03A9C-BC8E-493E-9F15-F7C8A02870F2}.Unicode Release MinSize|Mixed Platforms.ActiveCfg = Release|x64
		{1DB03A9C-BC8E-493E-9F15-F7C8A02870F2}.Unicode Release MinSize|Mixed Platforms.Build.0 = Release|x64
		{1DB03A9C-BC8E-493E-9F15-F7C8A02870F2}.Unicode Release MinSize|Win32.ActiveCfg = Release|Win32
		{1DB03A9C-BC8E-493E-9F15-F7C8A02870F2}.Unicode Release MinSize|Win32.Build.0 = Release|Win32
		{1DB03A9C-BC8E-493E-9F15-F7C8A02870F2}.Unicode Release MinSize|x64.ActiveCfg = Release|x64
		{1DB03A9C-BC8E-493E-9F15-F7C8A02870F2}.Unicode Release MinSize|x64.Build.0 = Release|x64
		{1DB03A9C-BC8E-493E-9F15-F7C8A02870F2}.Unicode Release MinSize|x86.ActiveCfg = Release|Win32
		{1DB03A9C-BC8E-493E-9F15-F7C8A02870F2}.Unicode Release MinSize|x86.Build.0 = Release|Win32
		{2B00CA3E-58FD-47E6-8A0E-243080D576CE}.Debug|.NET.ActiveCfg = Debug|Win32
		{2B00CA3E-58FD-47E6-8A0E-243080D576CE}.Debug|Any CPU.ActiveCfg = Debug|Win32
		{2B00CA3E-58FD-47E6-8A0E-243080D576CE}.Debug|ARM.ActiveCfg = Debug|Win32
		{2B00CA3E-58FD-47E6-8A0E-243080D576CE}.Debug|Mixed Platforms.ActiveCfg = Debug|Win32
		{2B00CA3E-58FD-47E6-8A0E-243080D576CE}.Debug|Mixed Platforms.Build.0 = Debug|Win32
		{2B00CA3E-58FD-47E6-8A0E-243080D576CE}.Debug|Win32.ActiveCfg = Debug|Win32
		{2B00CA3E-58FD-47E6-8A0E-243080D576CE}.Debug|Win32.Build.0 = Debug|Win32
		{2B00CA3E-58FD-47E6-8A0E-243080D576CE}.Debug|x64.ActiveCfg = Release|Win32
		{2B00CA3E-58FD-47E6-8A0E-243080D576CE}.Debug|x64.Build.0 = Release|Win32
		{2B00CA3E-58FD-47E6-8A0E-243080D576CE}.Debug|x86.ActiveCfg = Debug|Win32
		{2B00CA3E-58FD-47E6-8A0E-243080D576CE}.Debug|x86.Build.0 = Debug|Win32
		{2B00CA3E-58FD-47E6-8A0E-243080D576CE}.Release MinDependency|.NET.ActiveCfg = Release|Win32
		{2B00CA3E-58FD-47E6-8A0E-243080D576CE}.Release MinDependency|Any CPU.ActiveCfg = Release|Win32
		{2B00CA3E-58FD-47E6-8A0E-243080D576CE}.Release MinDependency|ARM.ActiveCfg = Release|Win32
		{2B00CA3E-58FD-47E6-8A0E-243080D576CE}.Release MinDependency|Mixed Platforms.ActiveCfg = Release|Win32
		{2B00CA3E-58FD-47E6-8A0E-243080D576CE}.Release MinDependency|Mixed Platforms.Build.0 = Release|Win32
		{2B00CA3E-58FD-47E6-8A0E-243080D576CE}.Release MinDependency|Win32.ActiveCfg = Release|Win32
		{2B00CA3E-58FD-47E6-8A0E-243080D576CE}.Release MinDependency|Win32.Build.0 = Release|Win32
		{2B00CA3E-58FD-47E6-8A0E-243080D576CE}.Release MinDependency|x64.ActiveCfg = Release|Win32
		{2B00CA3E-58FD-47E6-8A0E-243080D576CE}.Release MinDependency|x64.Build.0 = Release|Win32
		{2B00CA3E-58FD-47E6-8A0E-243080D576CE}.Release MinDependency|x86.ActiveCfg = Release|Win32
		{2B00CA3E-58FD-47E6-8A0E-243080D576CE}.Release MinDependency|x86.Build.0 = Release|Win32
		{2B00CA3E-58FD-47E6-8A0E-243080D576CE}.Release MinSize|.NET.ActiveCfg = Release|Win32
		{2B00CA3E-58FD-47E6-8A0E-243080D576CE}.Release MinSize|Any CPU.ActiveCfg = Release|Win32
		{2B00CA3E-58FD-47E6-8A0E-243080D576CE}.Release MinSize|ARM.ActiveCfg = Release|Win32
		{2B00CA3E-58FD-47E6-8A0E-243080D576CE}.Release MinSize|Mixed Platforms.ActiveCfg = Release|Win32
		{2B00CA3E-58FD-47E6-8A0E-243080D576CE}.Release MinSize|Mixed Platforms.Build.0 = Release|Win32
		{2B00CA3E-58FD-47E6-8A0E-243080D576CE}.Release MinSize|Win32.ActiveCfg = Release|Win32
		{2B00CA3E-58FD-47E6-8A0E-243080D576CE}.Release MinSize|Win32.Build.0 = Release|Win32
		{2B00CA3E-58FD-47E6-8A0E-243080D576CE}.Release MinSize|x64.ActiveCfg = Release|Win32
		{2B00CA3E-58FD-47E6-8A0E-243080D576CE}.Release MinSize|x64.Build.0 = Release|Win32
		{2B00CA3E-58FD-47E6-8A0E-243080D576CE}.Release MinSize|x86.ActiveCfg = Release|Win32
		{2B00CA3E-58FD-47E6-8A0E-243080D576CE}.Release MinSize|x86.Build.0 = Release|Win32
		{2B00CA3E-58FD-47E6-8A0E-243080D576CE}.Release|.NET.ActiveCfg = Release|Win32
		{2B00CA3E-58FD-47E6-8A0E-243080D576CE}.Release|Any CPU.ActiveCfg = Release|Win32
		{2B00CA3E-58FD-47E6-8A0E-243080D576CE}.Release|ARM.ActiveCfg = Release|Win32
		{2B00CA3E-58FD-47E6-8A0E-243080D576CE}.Release|Mixed Platforms.ActiveCfg = Release|Win32
		{2B00CA3E-58FD-47E6-8A0E-243080D576CE}.Release|Mixed Platforms.Build.0 = Release|Win32
		{2B00CA3E-58FD-47E6-8A0E-243080D576CE}.Release|Win32.ActiveCfg = Release|Win32
		{2B00CA3E-58FD-47E6-8A0E-243080D576CE}.Release|Win32.Build.0 = Release|Win32
		{2B00CA3E-58FD-47E6-8A0E-243080D576CE}.Release|x64.ActiveCfg = Release|Win32
		{2B00CA3E-58FD-47E6-8A0E-243080D576CE}.Release|x64.Build.0 = Release|Win32
		{2B00CA3E-58FD-47E6-8A0E-243080D576CE}.Release|x86.ActiveCfg = Release|Win32
		{2B00CA3E-58FD-47E6-8A0E-243080D576CE}.Release|x86.Build.0 = Release|Win32
		{2B00CA3E-58FD-47E6-8A0E-243080D576CE}.Unicode Debug|.NET.ActiveCfg = Debug|Win32
		{2B00CA3E-58FD-47E6-8A0E-243080D576CE}.Unicode Debug|Any CPU.ActiveCfg = Debug|Win32
		{2B00CA3E-58FD-47E6-8A0E-243080D576CE}.Unicode Debug|ARM.ActiveCfg = Debug|Win32
		{2B00CA3E-58FD-47E6-8A0E-243080D576CE}.Unicode Debug|Mixed Platforms.ActiveCfg = Debug|Win32
		{2B00CA3E-58FD-47E6-8A0E-243080D576CE}.Unicode Debug|Mixed Platforms.Build.0 = Debug|Win32
		{2B00CA3E-58FD-47E6-8A0E-243080D576CE}.Unicode Debug|Win32.ActiveCfg = Debug|Win32
		{2B00CA3E-58FD-47E6-8A0E-243080D576CE}.Unicode Debug|Win32.Build.0 = Debug|Win32
		{2B00CA3E-58FD-47E6-8A0E-243080D576CE}.Unicode Debug|x64.ActiveCfg = Release|Win32
		{2B00CA3E-58FD-47E6-8A0E-243080D576CE}.Unicode Debug|x64.Build.0 = Release|Win32
		{2B00CA3E-58FD-47E6-8A0E-243080D576CE}.Unicode Debug|x86.ActiveCfg = Debug|Win32
		{2B00CA3E-58FD-47E6-8A0E-243080D576CE}.Unicode Debug|x86.Build.0 = Debug|Win32
		{2B00CA3E-58FD-47E6-8A0E-243080D576CE}.Unicode Release MinDependency|.NET.ActiveCfg = Release|Win32
		{2B00CA3E-58FD-47E6-8A0E-243080D576CE}.Unicode Release MinDependency|Any CPU.ActiveCfg = Release|Win32
		{2B00CA3E-58FD-47E6-8A0E-243080D576CE}.Unicode Release MinDependency|ARM.ActiveCfg = Release|Win32
		{2B00CA3E-58FD-47E6-8A0E-243080D576CE}.Unicode Release MinDependency|Mixed Platforms.ActiveCfg = Release|Win32
		{2B00CA3E-58FD-47E6-8A0E-243080D576CE}.Unicode Release MinDependency|Mixed Platforms.Build.0 = Release|Win32
		{2B00CA3E-58FD-47E6-8A0E-243080D576CE}.Unicode Release MinDependency|Win32.ActiveCfg = Release|Win32
		{2B00CA3E-58FD-47E6-8A0E-243080D576CE}.Unicode Release MinDependency|Win32.Build.0 = Release|Win32
		{2B00CA3E-58FD-47E6-8A0E-243080D576CE}.Unicode Release MinDependency|x64.ActiveCfg = Release|Win32
		{2B00CA3E-58FD-47E6-8A0E-243080D576CE}.Unicode Release MinDependency|x64.Build.0 = Release|Win32
		{2B00CA3E-58FD-47E6-8A0E-243080D576CE}.Unicode Release MinDependency|x86.ActiveCfg = Release|Win32
		{2B00CA3E-58FD-47E6-8A0E-243080D576CE}.Unicode Release MinDependency|x86.Build.0 = Release|Win32
		{2B00CA3E-58FD-47E6-8A0E-243080D576CE}.Unicode Release MinSize|.NET.ActiveCfg = Release|Win32
		{2B00CA3E-58FD-47E6-8A0E-243080D576CE}.Unicode Release MinSize|Any CPU.ActiveCfg = Release|Win32
		{2B00CA3E-58FD-47E6-8A0E-243080D576CE}.Unicode Release MinSize|ARM.ActiveCfg = Release|Win32
		{2B00CA3E-58FD-47E6-8A0E-243080D576CE}.Unicode Release MinSize|Mixed Platforms.ActiveCfg = Release|Win32
		{2B00CA3E-58FD-47E6-8A0E-243080D576CE}.Unicode Release MinSize|Mixed Platforms.Build.0 = Release|Win32
		{2B00CA3E-58FD-47E6-8A0E-243080D576CE}.Unicode Release MinSize|Win32.ActiveCfg = Release|Win32
		{2B00CA3E-58FD-47E6-8A0E-243080D576CE}.Unicode Release MinSize|Win32.Build.0 = Release|Win32
		{2B00CA3E-58FD-47E6-8A0E-243080D576CE}.Unicode Release MinSize|x64.ActiveCfg = Release|Win32
		{2B00CA3E-58FD-47E6-8A0E-243080D576CE}.Unicode Release MinSize|x64.Build.0 = Release|Win32
		{2B00CA3E-58FD-47E6-8A0E-243080D576CE}.Unicode Release MinSize|x86.ActiveCfg = Release|Win32
		{2B00CA3E-58FD-47E6-8A0E-243080D576CE}.Unicode Release MinSize|x86.Build.0 = Release|Win32
		{9C081D40-6D3E-48DF-A07B-DBCFDDA74FF0}.Debug|.NET.ActiveCfg = Debug|Any CPU
		{9C081D40-6D3E-48DF-A07B-DBCFDDA74FF0}.Debug|Any CPU.ActiveCfg = Debug|Any CPU
		{9C081D40-6D3E-48DF-A07B-DBCFDDA74FF0}.Debug|Any CPU.Build.0 = Debug|Any CPU
		{9C081D40-6D3E-48DF-A07B-DBCFDDA74FF0}.Debug|ARM.ActiveCfg = Debug|Any CPU
		{9C081D40-6D3E-48DF-A07B-DBCFDDA74FF0}.Debug|Mixed Platforms.ActiveCfg = Debug|x86
		{9C081D40-6D3E-48DF-A07B-DBCFDDA74FF0}.Debug|Mixed Platforms.Build.0 = Debug|x86
		{9C081D40-6D3E-48DF-A07B-DBCFDDA74FF0}.Debug|Win32.ActiveCfg = Debug|x86
		{9C081D40-6D3E-48DF-A07B-DBCFDDA74FF0}.Debug|Win32.Build.0 = Debug|x86
		{9C081D40-6D3E-48DF-A07B-DBCFDDA74FF0}.Debug|x64.ActiveCfg = Release|Any CPU
		{9C081D40-6D3E-48DF-A07B-DBCFDDA74FF0}.Debug|x64.Build.0 = Release|Any CPU
		{9C081D40-6D3E-48DF-A07B-DBCFDDA74FF0}.Debug|x86.ActiveCfg = Debug|x86
		{9C081D40-6D3E-48DF-A07B-DBCFDDA74FF0}.Debug|x86.Build.0 = Debug|x86
		{9C081D40-6D3E-48DF-A07B-DBCFDDA74FF0}.Release MinDependency|.NET.ActiveCfg = Release|Any CPU
		{9C081D40-6D3E-48DF-A07B-DBCFDDA74FF0}.Release MinDependency|Any CPU.ActiveCfg = Release|Any CPU
		{9C081D40-6D3E-48DF-A07B-DBCFDDA74FF0}.Release MinDependency|Any CPU.Build.0 = Release|Any CPU
		{9C081D40-6D3E-48DF-A07B-DBCFDDA74FF0}.Release MinDependency|ARM.ActiveCfg = Release|Any CPU
		{9C081D40-6D3E-48DF-A07B-DBCFDDA74FF0}.Release MinDependency|Mixed Platforms.ActiveCfg = Release|x86
		{9C081D40-6D3E-48DF-A07B-DBCFDDA74FF0}.Release MinDependency|Mixed Platforms.Build.0 = Release|x86
		{9C081D40-6D3E-48DF-A07B-DBCFDDA74FF0}.Release MinDependency|Win32.ActiveCfg = Release|x86
		{9C081D40-6D3E-48DF-A07B-DBCFDDA74FF0}.Release MinDependency|Win32.Build.0 = Release|x86
		{9C081D40-6D3E-48DF-A07B-DBCFDDA74FF0}.Release MinDependency|x64.ActiveCfg = Release|Any CPU
		{9C081D40-6D3E-48DF-A07B-DBCFDDA74FF0}.Release MinDependency|x64.Build.0 = Release|Any CPU
		{9C081D40-6D3E-48DF-A07B-DBCFDDA74FF0}.Release MinDependency|x86.ActiveCfg = Release|x86
		{9C081D40-6D3E-48DF-A07B-DBCFDDA74FF0}.Release MinDependency|x86.Build.0 = Release|x86
		{9C081D40-6D3E-48DF-A07B-DBCFDDA74FF0}.Release MinSize|.NET.ActiveCfg = Release|Any CPU
		{9C081D40-6D3E-48DF-A07B-DBCFDDA74FF0}.Release MinSize|Any CPU.ActiveCfg = Release|Any CPU
		{9C081D40-6D3E-48DF-A07B-DBCFDDA74FF0}.Release MinSize|Any CPU.Build.0 = Release|Any CPU
		{9C081D40-6D3E-48DF-A07B-DBCFDDA74FF0}.Release MinSize|ARM.ActiveCfg = Release|Any CPU
		{9C081D40-6D3E-48DF-A07B-DBCFDDA74FF0}.Release MinSize|Mixed Platforms.ActiveCfg = Release|x86
		{9C081D40-6D3E-48DF-A07B-DBCFDDA74FF0}.Release MinSize|Mixed Platforms.Build.0 = Release|x86
		{9C081D40-6D3E-48DF-A07B-DBCFDDA74FF0}.Release MinSize|Win32.ActiveCfg = Release|x86
		{9C081D40-6D3E-48DF-A07B-DBCFDDA74FF0}.Release MinSize|Win32.Build.0 = Release|x86
		{9C081D40-6D3E-48DF-A07B-DBCFDDA74FF0}.Release MinSize|x64.ActiveCfg = Release|Any CPU
		{9C081D40-6D3E-48DF-A07B-DBCFDDA74FF0}.Release MinSize|x64.Build.0 = Release|Any CPU
		{9C081D40-6D3E-48DF-A07B-DBCFDDA74FF0}.Release MinSize|x86.ActiveCfg = Release|x86
		{9C081D40-6D3E-48DF-A07B-DBCFDDA74FF0}.Release MinSize|x86.Build.0 = Release|x86
		{9C081D40-6D3E-48DF-A07B-DBCFDDA74FF0}.Release|.NET.ActiveCfg = Release|Any CPU
		{9C081D40-6D3E-48DF-A07B-DBCFDDA74FF0}.Release|Any CPU.ActiveCfg = Release|Any CPU
		{9C081D40-6D3E-48DF-A07B-DBCFDDA74FF0}.Release|Any CPU.Build.0 = Release|Any CPU
		{9C081D40-6D3E-48DF-A07B-DBCFDDA74FF0}.Release|ARM.ActiveCfg = Release|Any CPU
		{9C081D40-6D3E-48DF-A07B-DBCFDDA74FF0}.Release|Mixed Platforms.ActiveCfg = Release|x86
		{9C081D40-6D3E-48DF-A07B-DBCFDDA74FF0}.Release|Mixed Platforms.Build.0 = Release|x86
		{9C081D40-6D3E-48DF-A07B-DBCFDDA74FF0}.Release|Win32.ActiveCfg = Release|x86
		{9C081D40-6D3E-48DF-A07B-DBCFDDA74FF0}.Release|Win32.Build.0 = Release|x86
		{9C081D40-6D3E-48DF-A07B-DBCFDDA74FF0}.Release|x64.ActiveCfg = Release|Any CPU
		{9C081D40-6D3E-48DF-A07B-DBCFDDA74FF0}.Release|x64.Build.0 = Release|Any CPU
		{9C081D40-6D3E-48DF-A07B-DBCFDDA74FF0}.Release|x86.ActiveCfg = Release|x86
		{9C081D40-6D3E-48DF-A07B-DBCFDDA74FF0}.Release|x86.Build.0 = Release|x86
		{9C081D40-6D3E-48DF-A07B-DBCFDDA74FF0}.Unicode Debug|.NET.ActiveCfg = Debug|Any CPU
		{9C081D40-6D3E-48DF-A07B-DBCFDDA74FF0}.Unicode Debug|Any CPU.ActiveCfg = Debug|Any CPU
		{9C081D40-6D3E-48DF-A07B-DBCFDDA74FF0}.Unicode Debug|Any CPU.Build.0 = Debug|Any CPU
		{9C081D40-6D3E-48DF-A07B-DBCFDDA74FF0}.Unicode Debug|ARM.ActiveCfg = Debug|Any CPU
		{9C081D40-6D3E-48DF-A07B-DBCFDDA74FF0}.Unicode Debug|Mixed Platforms.ActiveCfg = Debug|x86
		{9C081D40-6D3E-48DF-A07B-DBCFDDA74FF0}.Unicode Debug|Mixed Platforms.Build.0 = Debug|x86
		{9C081D40-6D3E-48DF-A07B-DBCFDDA74FF0}.Unicode Debug|Win32.ActiveCfg = Debug|x86
		{9C081D40-6D3E-48DF-A07B-DBCFDDA74FF0}.Unicode Debug|Win32.Build.0 = Debug|x86
		{9C081D40-6D3E-48DF-A07B-DBCFDDA74FF0}.Unicode Debug|x64.ActiveCfg = Release|Any CPU
		{9C081D40-6D3E-48DF-A07B-DBCFDDA74FF0}.Unicode Debug|x64.Build.0 = Release|Any CPU
		{9C081D40-6D3E-48DF-A07B-DBCFDDA74FF0}.Unicode Debug|x86.ActiveCfg = Debug|x86
		{9C081D40-6D3E-48DF-A07B-DBCFDDA74FF0}.Unicode Debug|x86.Build.0 = Debug|x86
		{9C081D40-6D3E-48DF-A07B-DBCFDDA74FF0}.Unicode Release MinDependency|.NET.ActiveCfg = Release|Any CPU
		{9C081D40-6D3E-48DF-A07B-DBCFDDA74FF0}.Unicode Release MinDependency|Any CPU.ActiveCfg = Release|Any CPU
		{9C081D40-6D3E-48DF-A07B-DBCFDDA74FF0}.Unicode Release MinDependency|Any CPU.Build.0 = Release|Any CPU
		{9C081D40-6D3E-48DF-A07B-DBCFDDA74FF0}.Unicode Release MinDependency|ARM.ActiveCfg = Release|Any CPU
		{9C081D40-6D3E-48DF-A07B-DBCFDDA74FF0}.Unicode Release MinDependency|Mixed Platforms.ActiveCfg = Release|x86
		{9C081D40-6D3E-48DF-A07B-DBCFDDA74FF0}.Unicode Release MinDependency|Mixed Platforms.Build.0 = Release|x86
		{9C081D40-6D3E-48DF-A07B-DBCFDDA74FF0}.Unicode Release MinDependency|Win32.ActiveCfg = Release|x86
		{9C081D40-6D3E-48DF-A07B-DBCFDDA74FF0}.Unicode Release MinDependency|Win32.Build.0 = Release|x86
		{9C081D40-6D3E-48DF-A07B-DBCFDDA74FF0}.Unicode Release MinDependency|x64.ActiveCfg = Release|Any CPU
		{9C081D40-6D3E-48DF-A07B-DBCFDDA74FF0}.Unicode Release MinDependency|x64.Build.0 = Release|Any CPU
		{9C081D40-6D3E-48DF-A07B-DBCFDDA74FF0}.Unicode Release MinDependency|x86.ActiveCfg = Release|x86
		{9C081D40-6D3E-48DF-A07B-DBCFDDA74FF0}.Unicode Release MinDependency|x86.Build.0 = Release|x86
		{9C081D40-6D3E-48DF-A07B-DBCFDDA74FF0}.Unicode Release MinSize|.NET.ActiveCfg = Release|Any CPU
		{9C081D40-6D3E-48DF-A07B-DBCFDDA74FF0}.Unicode Release MinSize|Any CPU.ActiveCfg = Release|Any CPU
		{9C081D40-6D3E-48DF-A07B-DBCFDDA74FF0}.Unicode Release MinSize|Any CPU.Build.0 = Release|Any CPU
		{9C081D40-6D3E-48DF-A07B-DBCFDDA74FF0}.Unicode Release MinSize|ARM.ActiveCfg = Release|Any CPU
		{9C081D40-6D3E-48DF-A07B-DBCFDDA74FF0}.Unicode Release MinSize|Mixed Platforms.ActiveCfg = Release|x86
		{9C081D40-6D3E-48DF-A07B-DBCFDDA74FF0}.Unicode Release MinSize|Mixed Platforms.Build.0 = Release|x86
		{9C081D40-6D3E-48DF-A07B-DBCFDDA74FF0}.Unicode Release MinSize|Win32.ActiveCfg = Release|x86
		{9C081D40-6D3E-48DF-A07B-DBCFDDA74FF0}.Unicode Release MinSize|Win32.Build.0 = Release|x86
		{9C081D40-6D3E-48DF-A07B-DBCFDDA74FF0}.Unicode Release MinSize|x64.ActiveCfg = Release|Any CPU
		{9C081D40-6D3E-48DF-A07B-DBCFDDA74FF0}.Unicode Release MinSize|x64.Build.0 = Release|Any CPU
		{9C081D40-6D3E-48DF-A07B-DBCFDDA74FF0}.Unicode Release MinSize|x86.ActiveCfg = Release|x86
		{9C081D40-6D3E-48DF-A07B-DBCFDDA74FF0}.Unicode Release MinSize|x86.Build.0 = Release|x86
		{AAA9441A-141B-449D-BEEA-D97D43D3356B}.Debug|.NET.ActiveCfg = Debug|Win32
		{AAA9441A-141B-449D-BEEA-D97D43D3356B}.Debug|Any CPU.ActiveCfg = Debug|Win32
		{AAA9441A-141B-449D-BEEA-D97D43D3356B}.Debug|ARM.ActiveCfg = Debug|Win32
		{AAA9441A-141B-449D-BEEA-D97D43D3356B}.Debug|Mixed Platforms.ActiveCfg = Debug|Win32
		{AAA9441A-141B-449D-BEEA-D97D43D3356B}.Debug|Mixed Platforms.Build.0 = Debug|Win32
		{AAA9441A-141B-449D-BEEA-D97D43D3356B}.Debug|Win32.ActiveCfg = Debug|Win32
		{AAA9441A-141B-449D-BEEA-D97D43D3356B}.Debug|Win32.Build.0 = Debug|Win32
		{AAA9441A-141B-449D-BEEA-D97D43D3356B}.Debug|x64.ActiveCfg = Release|x64
		{AAA9441A-141B-449D-BEEA-D97D43D3356B}.Debug|x64.Build.0 = Release|x64
		{AAA9441A-141B-449D-BEEA-D97D43D3356B}.Debug|x86.ActiveCfg = Debug|Win32
		{AAA9441A-141B-449D-BEEA-D97D43D3356B}.Debug|x86.Build.0 = Debug|Win32
		{AAA9441A-141B-449D-BEEA-D97D43D3356B}.Release MinDependency|.NET.ActiveCfg = Release|Win32
		{AAA9441A-141B-449D-BEEA-D97D43D3356B}.Release MinDependency|Any CPU.ActiveCfg = Release|Win32
		{AAA9441A-141B-449D-BEEA-D97D43D3356B}.Release MinDependency|ARM.ActiveCfg = Release|Win32
		{AAA9441A-141B-449D-BEEA-D97D43D3356B}.Release MinDependency|Mixed Platforms.ActiveCfg = Release|Win32
		{AAA9441A-141B-449D-BEEA-D97D43D3356B}.Release MinDependency|Mixed Platforms.Build.0 = Release|Win32
		{AAA9441A-141B-449D-BEEA-D97D43D3356B}.Release MinDependency|Win32.ActiveCfg = Release|Win32
		{AAA9441A-141B-449D-BEEA-D97D43D3356B}.Release MinDependency|Win32.Build.0 = Release|Win32
		{AAA9441A-141B-449D-BEEA-D97D43D3356B}.Release MinDependency|x64.ActiveCfg = Release|x64
		{AAA9441A-141B-449D-BEEA-D97D43D3356B}.Release MinDependency|x64.Build.0 = Release|x64
		{AAA9441A-141B-449D-BEEA-D97D43D3356B}.Release MinDependency|x86.ActiveCfg = Release|Win32
		{AAA9441A-141B-449D-BEEA-D97D43D3356B}.Release MinDependency|x86.Build.0 = Release|Win32
		{AAA9441A-141B-449D-BEEA-D97D43D3356B}.Release MinSize|.NET.ActiveCfg = Release|Win32
		{AAA9441A-141B-449D-BEEA-D97D43D3356B}.Release MinSize|Any CPU.ActiveCfg = Release|Win32
		{AAA9441A-141B-449D-BEEA-D97D43D3356B}.Release MinSize|ARM.ActiveCfg = Release|Win32
		{AAA9441A-141B-449D-BEEA-D97D43D3356B}.Release MinSize|Mixed Platforms.ActiveCfg = Release|Win32
		{AAA9441A-141B-449D-BEEA-D97D43D3356B}.Release MinSize|Mixed Platforms.Build.0 = Release|Win32
		{AAA9441A-141B-449D-BEEA-D97D43D3356B}.Release MinSize|Win32.ActiveCfg = Release|Win32
		{AAA9441A-141B-449D-BEEA-D97D43D3356B}.Release MinSize|Win32.Build.0 = Release|Win32
		{AAA9441A-141B-449D-BEEA-D97D43D3356B}.Release MinSize|x64.ActiveCfg = Release|x64
		{AAA9441A-141B-449D-BEEA-D97D43D3356B}.Release MinSize|x64.Build.0 = Release|x64
		{AAA9441A-141B-449D-BEEA-D97D43D3356B}.Release MinSize|x86.ActiveCfg = Release|Win32
		{AAA9441A-141B-449D-BEEA-D97D43D3356B}.Release MinSize|x86.Build.0 = Release|Win32
		{AAA9441A-141B-449D-BEEA-D97D43D3356B}.Release|.NET.ActiveCfg = Release|Win32
		{AAA9441A-141B-449D-BEEA-D97D43D3356B}.Release|Any CPU.ActiveCfg = Release|Win32
		{AAA9441A-141B-449D-BEEA-D97D43D3356B}.Release|ARM.ActiveCfg = Release|Win32
		{AAA9441A-141B-449D-BEEA-D97D43D3356B}.Release|Mixed Platforms.ActiveCfg = Release|Win32
		{AAA9441A-141B-449D-BEEA-D97D43D3356B}.Release|Mixed Platforms.Build.0 = Release|Win32
		{AAA9441A-141B-449D-BEEA-D97D43D3356B}.Release|Win32.ActiveCfg = Release|Win32
		{AAA9441A-141B-449D-BEEA-D97D43D3356B}.Release|Win32.Build.0 = Release|Win32
		{AAA9441A-141B-449D-BEEA-D97D43D3356B}.Release|x64.ActiveCfg = Release|x64
		{AAA9441A-141B-449D-BEEA-D97D43D3356B}.Release|x64.Build.0 = Release|x64
		{AAA9441A-141B-449D-BEEA-D97D43D3356B}.Release|x86.ActiveCfg = Release|Win32
		{AAA9441A-141B-449D-BEEA-D97D43D3356B}.Release|x86.Build.0 = Release|Win32
		{AAA9441A-141B-449D-BEEA-D97D43D3356B}.Unicode Debug|.NET.ActiveCfg = Debug|Win32
		{AAA9441A-141B-449D-BEEA-D97D43D3356B}.Unicode Debug|Any CPU.ActiveCfg = Debug|Win32
		{AAA9441A-141B-449D-BEEA-D97D43D3356B}.Unicode Debug|ARM.ActiveCfg = Debug|Win32
		{AAA9441A-141B-449D-BEEA-D97D43D3356B}.Unicode Debug|Mixed Platforms.ActiveCfg = Debug|Win32
		{AAA9441A-141B-449D-BEEA-D97D43D3356B}.Unicode Debug|Mixed Platforms.Build.0 = Debug|Win32
		{AAA9441A-141B-449D-BEEA-D97D43D3356B}.Unicode Debug|Win32.ActiveCfg = Debug|Win32
		{AAA9441A-141B-449D-BEEA-D97D43D3356B}.Unicode Debug|Win32.Build.0 = Debug|Win32
		{AAA9441A-141B-449D-BEEA-D97D43D3356B}.Unicode Debug|x64.ActiveCfg = Release|x64
		{AAA9441A-141B-449D-BEEA-D97D43D3356B}.Unicode Debug|x64.Build.0 = Release|x64
		{AAA9441A-141B-449D-BEEA-D97D43D3356B}.Unicode Debug|x86.ActiveCfg = Debug|Win32
		{AAA9441A-141B-449D-BEEA-D97D43D3356B}.Unicode Debug|x86.Build.0 = Debug|Win32
		{AAA9441A-141B-449D-BEEA-D97D43D3356B}.Unicode Release MinDependency|.NET.ActiveCfg = Release|Win32
		{AAA9441A-141B-449D-BEEA-D97D43D3356B}.Unicode Release MinDependency|Any CPU.ActiveCfg = Release|Win32
		{AAA9441A-141B-449D-BEEA-D97D43D3356B}.Unicode Release MinDependency|ARM.ActiveCfg = Release|Win32
		{AAA9441A-141B-449D-BEEA-D97D43D3356B}.Unicode Release MinDependency|Mixed Platforms.ActiveCfg = Release|Win32
		{AAA9441A-141B-449D-BEEA-D97D43D3356B}.Unicode Release MinDependency|Mixed Platforms.Build.0 = Release|Win32
		{AAA9441A-141B-449D-BEEA-D97D43D3356B}.Unicode Release MinDependency|Win32.ActiveCfg = Release|Win32
		{AAA9441A-141B-449D-BEEA-D97D43D3356B}.Unicode Release MinDependency|Win32.Build.0 = Release|Win32
		{AAA9441A-141B-449D-BEEA-D97D43D3356B}.Unicode Release MinDependency|x64.ActiveCfg = Release|x64
		{AAA9441A-141B-449D-BEEA-D97D43D3356B}.Unicode Release MinDependency|x64.Build.0 = Release|x64
		{AAA9441A-141B-449D-BEEA-D97D43D3356B}.Unicode Release MinDependency|x86.ActiveCfg = Release|Win32
		{AAA9441A-141B-449D-BEEA-D97D43D3356B}.Unicode Release MinDependency|x86.Build.0 = Release|Win32
		{AAA9441A-141B-449D-BEEA-D97D43D3356B}.Unicode Release MinSize|.NET.ActiveCfg = Release|Win32
		{AAA9441A-141B-449D-BEEA-D97D43D3356B}.Unicode Release MinSize|Any CPU.ActiveCfg = Release|Win32
		{AAA9441A-141B-449D-BEEA-D97D43D3356B}.Unicode Release MinSize|ARM.ActiveCfg = Release|Win32
		{AAA9441A-141B-449D-BEEA-D97D43D3356B}.Unicode Release MinSize|Mixed Platforms.ActiveCfg = Release|Win32
		{AAA9441A-141B-449D-BEEA-D97D43D3356B}.Unicode Release MinSize|Mixed Platforms.Build.0 = Release|Win32
		{AAA9441A-141B-449D-BEEA-D97D43D3356B}.Unicode Release MinSize|Win32.ActiveCfg = Release|Win32
		{AAA9441A-141B-449D-BEEA-D97D43D3356B}.Unicode Release MinSize|Win32.Build.0 = Release|Win32
		{AAA9441A-141B-449D-BEEA-D97D43D3356B}.Unicode Release MinSize|x64.ActiveCfg = Release|x64
		{AAA9441A-141B-449D-BEEA-D97D43D3356B}.Unicode Release MinSize|x64.Build.0 = Release|x64
		{AAA9441A-141B-449D-BEEA-D97D43D3356B}.Unicode Release MinSize|x86.ActiveCfg = Release|Win32
		{AAA9441A-141B-449D-BEEA-D97D43D3356B}.Unicode Release MinSize|x86.Build.0 = Release|Win32
	EndGlobalSection
	GlobalSection(SolutionProperties) = preSolution
		HideSolutionNode = FALSE
	EndGlobalSection
EndGlobal
